
Microsoft Visual Studio Solution File, Format Version 12.00
# Visual Studio Version 17
VisualStudioVersion = 17.8.34525.116
MinimumVisualStudioVersion = 10.0.40219.1
Project("{FAE04EC0-301F-11D3-BF4B-00C04F79EFBC}") = "BankApp.Android", "BankApp.Android\BankApp.Android.csproj", "{0A9A87CF-4CD8-4669-AE2E-7E260BABBEB5}"
EndProject
Project("{FAE04EC0-301F-11D3-BF4B-00C04F79EFBC}") = "BankApp", "BankApp\BankApp.csproj", "{EE978F98-4D04-4285-9B20-BC79C742CAB6}"
EndProject
Global
	GlobalSection(SolutionConfigurationPlatforms) = preSolution
		Debug|Any CPU = Debug|Any CPU
		Release|Any CPU = Release|Any CPU
	EndGlobalSection
	GlobalSection(ProjectConfigurationPlatforms) = postSolution
		{0A9A87CF-4CD8-4669-AE2E-7E260BABBEB5}.Debug|Any CPU.ActiveCfg = Debug|Any CPU
		{0A9A87CF-4CD8-4669-AE2E-7E260BABBEB5}.Debug|Any CPU.Build.0 = Debug|Any CPU
		{0A9A87CF-4CD8-4669-AE2E-7E260BABBEB5}.Debug|Any CPU.Deploy.0 = Debug|Any CPU
		{0A9A87CF-4CD8-4669-AE2E-7E260BABBEB5}.Release|Any CPU.ActiveCfg = Release|Any CPU
		{0A9A87CF-4CD8-4669-AE2E-7E260BABBEB5}.Release|Any CPU.Build.0 = Release|Any CPU
		{0A9A87CF-4CD8-4669-AE2E-7E260BABBEB5}.Release|Any CPU.Deploy.0 = Release|Any CPU
		{EE978F98-4D04-4285-9B20-BC79C742CAB6}.Debug|Any CPU.ActiveCfg = Debug|Any CPU
		{EE978F98-4D04-4285-9B20-BC79C742CAB6}.Debug|Any CPU.Build.0 = Debug|Any CPU
		{EE978F98-4D04-4285-9B20-BC79C742CAB6}.Debug|Any CPU.Deploy.0 = Debug|Any CPU
		{EE978F98-4D04-4285-9B20-BC79C742CAB6}.Release|Any CPU.ActiveCfg = Release|Any CPU
		{EE978F98-4D04-4285-9B20-BC79C742CAB6}.Release|Any CPU.Build.0 = Release|Any CPU
		{EE978F98-4D04-4285-9B20-BC79C742CAB6}.Release|Any CPU.Deploy.0 = Release|Any CPU
	EndGlobalSection
	GlobalSection(SolutionProperties) = preSolution
		HideSolutionNode = FALSE
	EndGlobalSection
	GlobalSection(ExtensibilityGlobals) = postSolution
		SolutionGuid = {CB9C8F62-3DA0-435D-AC17-0960FF06667B}
	EndGlobalSection
EndGlobal
